
Microsoft Visual Studio Solution File, Format Version 12.00
# Visual Studio Version 17
VisualStudioVersion = 17.14.36221.1 d17.14
MinimumVisualStudioVersion = 10.0.40219.1
Project("{FAE04EC0-301F-11D3-BF4B-00C04F79EFBC}") = "ExtensionesBiblioteca", "ExtensionesBiblioteca.csproj", "{EC8313DE-23EF-497D-9F2C-31352F6E5A7A}"
EndProject
Global
	GlobalSection(SolutionConfigurationPlatforms) = preSolution
		Debug|Any CPU = Debug|Any CPU
		Release|Any CPU = Release|Any CPU
	EndGlobalSection
	GlobalSection(ProjectConfigurationPlatforms) = postSolution
		{EC8313DE-23EF-497D-9F2C-31352F6E5A7A}.Debug|Any CPU.ActiveCfg = Debug|Any CPU
		{EC8313DE-23EF-497D-9F2C-31352F6E5A7A}.Debug|Any CPU.Build.0 = Debug|Any CPU
		{EC8313DE-23EF-497D-9F2C-31352F6E5A7A}.Release|Any CPU.ActiveCfg = Release|Any CPU
		{EC8313DE-23EF-497D-9F2C-31352F6E5A7A}.Release|Any CPU.Build.0 = Release|Any CPU
	EndGlobalSection
	GlobalSection(SolutionProperties) = preSolution
		HideSolutionNode = FALSE
	EndGlobalSection
	GlobalSection(ExtensibilityGlobals) = postSolution
		SolutionGuid = {B69C8E99-B011-4077-9816-90D9DBD87C66}
	EndGlobalSection
EndGlobal
