
Microsoft Visual Studio Solution File, Format Version 12.00
# Visual Studio Version 17
VisualStudioVersion = 17.14.36221.1 d17.14
MinimumVisualStudioVersion = 10.0.40219.1
Project("{FAE04EC0-301F-11D3-BF4B-00C04F79EFBC}") = "Examen1", "Examen1.csproj", "{3E134B18-5DA0-4DC5-BA86-035B006909DE}"
EndProject
Global
	GlobalSection(SolutionConfigurationPlatforms) = preSolution
		Debug|Any CPU = Debug|Any CPU
		Release|Any CPU = Release|Any CPU
	EndGlobalSection
	GlobalSection(ProjectConfigurationPlatforms) = postSolution
		{3E134B18-5DA0-4DC5-BA86-035B006909DE}.Debug|Any CPU.ActiveCfg = Debug|Any CPU
		{3E134B18-5DA0-4DC5-BA86-035B006909DE}.Debug|Any CPU.Build.0 = Debug|Any CPU
		{3E134B18-5DA0-4DC5-BA86-035B006909DE}.Release|Any CPU.ActiveCfg = Release|Any CPU
		{3E134B18-5DA0-4DC5-BA86-035B006909DE}.Release|Any CPU.Build.0 = Release|Any CPU
	EndGlobalSection
	GlobalSection(SolutionProperties) = preSolution
		HideSolutionNode = FALSE
	EndGlobalSection
	GlobalSection(ExtensibilityGlobals) = postSolution
		SolutionGuid = {50DCD491-EED1-450E-9DBF-124414EC6B84}
	EndGlobalSection
EndGlobal
