
Microsoft Visual Studio Solution File, Format Version 12.00
# Visual Studio Version 17
VisualStudioVersion = 17.14.36408.4 d17.14
MinimumVisualStudioVersion = 10.0.40219.1
Project("{FAE04EC0-301F-11D3-BF4B-00C04F79EFBC}") = "TP-Tarea1", "TP-Tarea1.csproj", "{EC0AFA08-DA96-4B72-B1DE-3F68C04A7B43}"
EndProject
Global
	GlobalSection(SolutionConfigurationPlatforms) = preSolution
		Debug|Any CPU = Debug|Any CPU
		Release|Any CPU = Release|Any CPU
	EndGlobalSection
	GlobalSection(ProjectConfigurationPlatforms) = postSolution
		{EC0AFA08-DA96-4B72-B1DE-3F68C04A7B43}.Debug|Any CPU.ActiveCfg = Debug|Any CPU
		{EC0AFA08-DA96-4B72-B1DE-3F68C04A7B43}.Debug|Any CPU.Build.0 = Debug|Any CPU
		{EC0AFA08-DA96-4B72-B1DE-3F68C04A7B43}.Release|Any CPU.ActiveCfg = Release|Any CPU
		{EC0AFA08-DA96-4B72-B1DE-3F68C04A7B43}.Release|Any CPU.Build.0 = Release|Any CPU
	EndGlobalSection
	GlobalSection(SolutionProperties) = preSolution
		HideSolutionNode = FALSE
	EndGlobalSection
	GlobalSection(ExtensibilityGlobals) = postSolution
		SolutionGuid = {D50F7A68-96F2-45C7-86FD-0AB788193DC0}
	EndGlobalSection
EndGlobal
